// !$*UTF8*$!
{
	archiveVersion = 1;
	classes = {
	};
	objectVersion = 46;
	objects = {

/* Begin PBXBuildFile section */
		1F2CFE481DB55E5E00E1C76B /* AppDelegate.swift in Sources */ = {isa = PBXBuildFile; fileRef = 1F2CFE471DB55E5E00E1C76B /* AppDelegate.swift */; };
		1F2CFE4D1DB55E5E00E1C76B /* Main.storyboard in Resources */ = {isa = PBXBuildFile; fileRef = 1F2CFE4B1DB55E5E00E1C76B /* Main.storyboard */; };
		1F2CFE4F1DB55E5E00E1C76B /* Assets.xcassets in Resources */ = {isa = PBXBuildFile; fileRef = 1F2CFE4E1DB55E5E00E1C76B /* Assets.xcassets */; };
		1F2CFE521DB55E5E00E1C76B /* LaunchScreen.storyboard in Resources */ = {isa = PBXBuildFile; fileRef = 1F2CFE501DB55E5E00E1C76B /* LaunchScreen.storyboard */; };
		1F2CFE5A1DB566B300E1C76B /* Representative.swift in Sources */ = {isa = PBXBuildFile; fileRef = 1F2CFE591DB566B300E1C76B /* Representative.swift */; };
		1F2CFE5D1DB568E200E1C76B /* NetworkController.swift in Sources */ = {isa = PBXBuildFile; fileRef = 1F2CFE5C1DB568E200E1C76B /* NetworkController.swift */; };
		1F2CFE601DB569F000E1C76B /* RepresentativeController.swift in Sources */ = {isa = PBXBuildFile; fileRef = 1F2CFE5F1DB569F000E1C76B /* RepresentativeController.swift */; };
		1F2CFE621DB573C800E1C76B /* States.swift in Sources */ = {isa = PBXBuildFile; fileRef = 1F2CFE611DB573C800E1C76B /* States.swift */; };
		1F2CFE651DB5743900E1C76B /* StatesListTableViewController.swift in Sources */ = {isa = PBXBuildFile; fileRef = 1F2CFE641DB5743900E1C76B /* StatesListTableViewController.swift */; };
		1F2CFE681DB57F8A00E1C76B /* StateDetailTableViewController.swift in Sources */ = {isa = PBXBuildFile; fileRef = 1F2CFE671DB57F8A00E1C76B /* StateDetailTableViewController.swift */; };
		1F2CFE6A1DB581D800E1C76B /* StateDetailTableViewCell.swift in Sources */ = {isa = PBXBuildFile; fileRef = 1F2CFE691DB581D800E1C76B /* StateDetailTableViewCell.swift */; };
/* End PBXBuildFile section */

/* Begin PBXFileReference section */
		1F2CFE441DB55E5E00E1C76B /* RepresentativeAsMentor.app */ = {isa = PBXFileReference; explicitFileType = wrapper.application; includeInIndex = 0; path = RepresentativeAsMentor.app; sourceTree = BUILT_PRODUCTS_DIR; };
		1F2CFE471DB55E5E00E1C76B /* AppDelegate.swift */ = {isa = PBXFileReference; lastKnownFileType = sourcecode.swift; path = AppDelegate.swift; sourceTree = "<group>"; };
		1F2CFE4C1DB55E5E00E1C76B /* Base */ = {isa = PBXFileReference; lastKnownFileType = file.storyboard; name = Base; path = Base.lproj/Main.storyboard; sourceTree = "<group>"; };
		1F2CFE4E1DB55E5E00E1C76B /* Assets.xcassets */ = {isa = PBXFileReference; lastKnownFileType = folder.assetcatalog; path = Assets.xcassets; sourceTree = "<group>"; };
		1F2CFE511DB55E5E00E1C76B /* Base */ = {isa = PBXFileReference; lastKnownFileType = file.storyboard; name = Base; path = Base.lproj/LaunchScreen.storyboard; sourceTree = "<group>"; };
		1F2CFE531DB55E5E00E1C76B /* Info.plist */ = {isa = PBXFileReference; lastKnownFileType = text.plist.xml; path = Info.plist; sourceTree = "<group>"; };
		1F2CFE591DB566B300E1C76B /* Representative.swift */ = {isa = PBXFileReference; fileEncoding = 4; lastKnownFileType = sourcecode.swift; path = Representative.swift; sourceTree = "<group>"; };
		1F2CFE5C1DB568E200E1C76B /* NetworkController.swift */ = {isa = PBXFileReference; fileEncoding = 4; lastKnownFileType = sourcecode.swift; path = NetworkController.swift; sourceTree = "<group>"; };
		1F2CFE5F1DB569F000E1C76B /* RepresentativeController.swift */ = {isa = PBXFileReference; fileEncoding = 4; lastKnownFileType = sourcecode.swift; path = RepresentativeController.swift; sourceTree = "<group>"; };
		1F2CFE611DB573C800E1C76B /* States.swift */ = {isa = PBXFileReference; fileEncoding = 4; lastKnownFileType = sourcecode.swift; path = States.swift; sourceTree = "<group>"; };
		1F2CFE641DB5743900E1C76B /* StatesListTableViewController.swift */ = {isa = PBXFileReference; fileEncoding = 4; lastKnownFileType = sourcecode.swift; path = StatesListTableViewController.swift; sourceTree = "<group>"; };
		1F2CFE671DB57F8A00E1C76B /* StateDetailTableViewController.swift */ = {isa = PBXFileReference; fileEncoding = 4; lastKnownFileType = sourcecode.swift; path = StateDetailTableViewController.swift; sourceTree = "<group>"; };
		1F2CFE691DB581D800E1C76B /* StateDetailTableViewCell.swift */ = {isa = PBXFileReference; fileEncoding = 4; lastKnownFileType = sourcecode.swift; path = StateDetailTableViewCell.swift; sourceTree = "<group>"; };
/* End PBXFileReference section */

/* Begin PBXFrameworksBuildPhase section */
		1F2CFE411DB55E5E00E1C76B /* Frameworks */ = {
			isa = PBXFrameworksBuildPhase;
			buildActionMask = 2147483647;
			files = (
			);
			runOnlyForDeploymentPostprocessing = 0;
		};
/* End PBXFrameworksBuildPhase section */

/* Begin PBXGroup section */
		1F2CFE3B1DB55E5E00E1C76B = {
			isa = PBXGroup;
			children = (
				1F2CFE461DB55E5E00E1C76B /* RepresentativeAsMentor */,
				1F2CFE451DB55E5E00E1C76B /* Products */,
			);
			sourceTree = "<group>";
		};
		1F2CFE451DB55E5E00E1C76B /* Products */ = {
			isa = PBXGroup;
			children = (
				1F2CFE441DB55E5E00E1C76B /* RepresentativeAsMentor.app */,
			);
			name = Products;
			sourceTree = "<group>";
		};
		1F2CFE461DB55E5E00E1C76B /* RepresentativeAsMentor */ = {
			isa = PBXGroup;
			children = (
				1F2CFE471DB55E5E00E1C76B /* AppDelegate.swift */,
				1F2CFE5B1DB566B700E1C76B /* Model */,
				1F2CFE5E1DB568E700E1C76B /* ModelController */,
				1F2CFE631DB573E700E1C76B /* Other */,
				1F2CFE661DB5743D00E1C76B /* ViewController */,
				1F2CFE4E1DB55E5E00E1C76B /* Assets.xcassets */,
				1F2CFE531DB55E5E00E1C76B /* Info.plist */,
				1F2CFE501DB55E5E00E1C76B /* LaunchScreen.storyboard */,
				1F2CFE4B1DB55E5E00E1C76B /* Main.storyboard */,
			);
			path = RepresentativeAsMentor;
			sourceTree = "<group>";
		};
		1F2CFE5B1DB566B700E1C76B /* Model */ = {
			isa = PBXGroup;
			children = (
				1F2CFE591DB566B300E1C76B /* Representative.swift */,
			);
			name = Model;
			sourceTree = "<group>";
		};
		1F2CFE5E1DB568E700E1C76B /* ModelController */ = {
			isa = PBXGroup;
			children = (
				1F2CFE5C1DB568E200E1C76B /* NetworkController.swift */,
				1F2CFE5F1DB569F000E1C76B /* RepresentativeController.swift */,
			);
			name = ModelController;
			sourceTree = "<group>";
		};
		1F2CFE631DB573E700E1C76B /* Other */ = {
			isa = PBXGroup;
			children = (
				1F2CFE611DB573C800E1C76B /* States.swift */,
			);
			name = Other;
			sourceTree = "<group>";
		};
		1F2CFE661DB5743D00E1C76B /* ViewController */ = {
			isa = PBXGroup;
			children = (
				1F2CFE641DB5743900E1C76B /* StatesListTableViewController.swift */,
				1F2CFE671DB57F8A00E1C76B /* StateDetailTableViewController.swift */,
				1F2CFE691DB581D800E1C76B /* StateDetailTableViewCell.swift */,
			);
			name = ViewController;
			sourceTree = "<group>";
		};
/* End PBXGroup section */

/* Begin PBXNativeTarget section */
		1F2CFE431DB55E5E00E1C76B /* RepresentativeAsMentor */ = {
			isa = PBXNativeTarget;
			buildConfigurationList = 1F2CFE561DB55E5E00E1C76B /* Build configuration list for PBXNativeTarget "RepresentativeAsMentor" */;
			buildPhases = (
				1F2CFE401DB55E5E00E1C76B /* Sources */,
				1F2CFE411DB55E5E00E1C76B /* Frameworks */,
				1F2CFE421DB55E5E00E1C76B /* Resources */,
			);
			buildRules = (
			);
			dependencies = (
			);
			name = RepresentativeAsMentor;
			productName = RepresentativeAsMentor;
			productReference = 1F2CFE441DB55E5E00E1C76B /* RepresentativeAsMentor.app */;
			productType = "com.apple.product-type.application";
		};
/* End PBXNativeTarget section */

/* Begin PBXProject section */
		1F2CFE3C1DB55E5E00E1C76B /* Project object */ = {
			isa = PBXProject;
			attributes = {
				LastSwiftUpdateCheck = 0800;
				LastUpgradeCheck = 0800;
				ORGANIZATIONNAME = JeffCryst;
				TargetAttributes = {
					1F2CFE431DB55E5E00E1C76B = {
						CreatedOnToolsVersion = 8.0;
						DevelopmentTeam = A6ASF988U5;
						ProvisioningStyle = Automatic;
					};
				};
			};
			buildConfigurationList = 1F2CFE3F1DB55E5E00E1C76B /* Build configuration list for PBXProject "RepresentativeAsMentor" */;
			compatibilityVersion = "Xcode 3.2";
			developmentRegion = English;
			hasScannedForEncodings = 0;
			knownRegions = (
				en,
				Base,
			);
			mainGroup = 1F2CFE3B1DB55E5E00E1C76B;
			productRefGroup = 1F2CFE451DB55E5E00E1C76B /* Products */;
			projectDirPath = "";
			projectRoot = "";
			targets = (
				1F2CFE431DB55E5E00E1C76B /* RepresentativeAsMentor */,
			);
		};
/* End PBXProject section */

/* Begin PBXResourcesBuildPhase section */
		1F2CFE421DB55E5E00E1C76B /* Resources */ = {
			isa = PBXResourcesBuildPhase;
			buildActionMask = 2147483647;
			files = (
				1F2CFE521DB55E5E00E1C76B /* LaunchScreen.storyboard in Resources */,
				1F2CFE4F1DB55E5E00E1C76B /* Assets.xcassets in Resources */,
				1F2CFE4D1DB55E5E00E1C76B /* Main.storyboard in Resources */,
			);
			runOnlyForDeploymentPostprocessing = 0;
		};
/* End PBXResourcesBuildPhase section */

/* Begin PBXSourcesBuildPhase section */
		1F2CFE401DB55E5E00E1C76B /* Sources */ = {
			isa = PBXSourcesBuildPhase;
			buildActionMask = 2147483647;
			files = (
				1F2CFE6A1DB581D800E1C76B /* StateDetailTableViewCell.swift in Sources */,
				1F2CFE601DB569F000E1C76B /* RepresentativeController.swift in Sources */,
				1F2CFE5D1DB568E200E1C76B /* NetworkController.swift in Sources */,
				1F2CFE651DB5743900E1C76B /* StatesListTableViewController.swift in Sources */,
				1F2CFE621DB573C800E1C76B /* States.swift in Sources */,
				1F2CFE681DB57F8A00E1C76B /* StateDetailTableViewController.swift in Sources */,
				1F2CFE481DB55E5E00E1C76B /* AppDelegate.swift in Sources */,
				1F2CFE5A1DB566B300E1C76B /* Representative.swift in Sources */,
			);
			runOnlyForDeploymentPostprocessing = 0;
		};
/* End PBXSourcesBuildPhase section */

/* Begin PBXVariantGroup section */
		1F2CFE4B1DB55E5E00E1C76B /* Main.storyboard */ = {
			isa = PBXVariantGroup;
			children = (
				1F2CFE4C1DB55E5E00E1C76B /* Base */,
			);
			name = Main.storyboard;
			sourceTree = "<group>";
		};
		1F2CFE501DB55E5E00E1C76B /* LaunchScreen.storyboard */ = {
			isa = PBXVariantGroup;
			children = (
				1F2CFE511DB55E5E00E1C76B /* Base */,
			);
			name = LaunchScreen.storyboard;
			sourceTree = "<group>";
		};
/* End PBXVariantGroup section */

/* Begin XCBuildConfiguration section */
		1F2CFE541DB55E5E00E1C76B /* Debug */ = {
			isa = XCBuildConfiguration;
			buildSettings = {
				ALWAYS_SEARCH_USER_PATHS = NO;
				CLANG_ANALYZER_NONNULL = YES;
				CLANG_CXX_LANGUAGE_STANDARD = "gnu++0x";
				CLANG_CXX_LIBRARY = "libc++";
				CLANG_ENABLE_MODULES = YES;
				CLANG_ENABLE_OBJC_ARC = YES;
				CLANG_WARN_BOOL_CONVERSION = YES;
				CLANG_WARN_CONSTANT_CONVERSION = YES;
				CLANG_WARN_DIRECT_OBJC_ISA_USAGE = YES_ERROR;
				CLANG_WARN_DOCUMENTATION_COMMENTS = YES;
				CLANG_WARN_EMPTY_BODY = YES;
				CLANG_WARN_ENUM_CONVERSION = YES;
				CLANG_WARN_INFINITE_RECURSION = YES;
				CLANG_WARN_INT_CONVERSION = YES;
				CLANG_WARN_OBJC_ROOT_CLASS = YES_ERROR;
				CLANG_WARN_SUSPICIOUS_MOVES = YES;
				CLANG_WARN_UNREACHABLE_CODE = YES;
				CLANG_WARN__DUPLICATE_METHOD_MATCH = YES;
				"CODE_SIGN_IDENTITY[sdk=iphoneos*]" = "iPhone Developer";
				COPY_PHASE_STRIP = NO;
				DEBUG_INFORMATION_FORMAT = dwarf;
				ENABLE_STRICT_OBJC_MSGSEND = YES;
				ENABLE_TESTABILITY = YES;
				GCC_C_LANGUAGE_STANDARD = gnu99;
				GCC_DYNAMIC_NO_PIC = NO;
				GCC_NO_COMMON_BLOCKS = YES;
				GCC_OPTIMIZATION_LEVEL = 0;
				GCC_PREPROCESSOR_DEFINITIONS = (
					"DEBUG=1",
					"$(inherited)",
				);
				GCC_WARN_64_TO_32_BIT_CONVERSION = YES;
				GCC_WARN_ABOUT_RETURN_TYPE = YES_ERROR;
				GCC_WARN_UNDECLARED_SELECTOR = YES;
				GCC_WARN_UNINITIALIZED_AUTOS = YES_AGGRESSIVE;
				GCC_WARN_UNUSED_FUNCTION = YES;
				GCC_WARN_UNUSED_VARIABLE = YES;
				IPHONEOS_DEPLOYMENT_TARGET = 10.0;
				MTL_ENABLE_DEBUG_INFO = YES;
				ONLY_ACTIVE_ARCH = YES;
				SDKROOT = iphoneos;
				SWIFT_ACTIVE_COMPILATION_CONDITIONS = DEBUG;
				SWIFT_OPTIMIZATION_LEVEL = "-Onone";
				TARGETED_DEVICE_FAMILY = "1,2";
			};
			name = Debug;
		};
		1F2CFE551DB55E5E00E1C76B /* Release */ = {
			isa = XCBuildConfiguration;
			buildSettings = {
				ALWAYS_SEARCH_USER_PATHS = NO;
				CLANG_ANALYZER_NONNULL = YES;
				CLANG_CXX_LANGUAGE_STANDARD = "gnu++0x";
				CLANG_CXX_LIBRARY = "libc++";
				CLANG_ENABLE_MODULES = YES;
				CLANG_ENABLE_OBJC_ARC = YES;
				CLANG_WARN_BOOL_CONVERSION = YES;
				CLANG_WARN_CONSTANT_CONVERSION = YES;
				CLANG_WARN_DIRECT_OBJC_ISA_USAGE = YES_ERROR;
				CLANG_WARN_DOCUMENTATION_COMMENTS = YES;
				CLANG_WARN_EMPTY_BODY = YES;
				CLANG_WARN_ENUM_CONVERSION = YES;
				CLANG_WARN_INFINITE_RECURSION = YES;
				CLANG_WARN_INT_CONVERSION = YES;
				CLANG_WARN_OBJC_ROOT_CLASS = YES_ERROR;
				CLANG_WARN_SUSPICIOUS_MOVES = YES;
				CLANG_WARN_UNREACHABLE_CODE = YES;
				CLANG_WARN__DUPLICATE_METHOD_MATCH = YES;
				"CODE_SIGN_IDENTITY[sdk=iphoneos*]" = "iPhone Developer";
				COPY_PHASE_STRIP = NO;
				DEBUG_INFORMATION_FORMAT = "dwarf-with-dsym";
				ENABLE_NS_ASSERTIONS = NO;
				ENABLE_STRICT_OBJC_MSGSEND = YES;
				GCC_C_LANGUAGE_STANDARD = gnu99;
				GCC_NO_COMMON_BLOCKS = YES;
				GCC_WARN_64_TO_32_BIT_CONVERSION = YES;
				GCC_WARN_ABOUT_RETURN_TYPE = YES_ERROR;
				GCC_WARN_UNDECLARED_SELECTOR = YES;
				GCC_WARN_UNINITIALIZED_AUTOS = YES_AGGRESSIVE;
				GCC_WARN_UNUSED_FUNCTION = YES;
				GCC_WARN_UNUSED_VARIABLE = YES;
				IPHONEOS_DEPLOYMENT_TARGET = 10.0;
				MTL_ENABLE_DEBUG_INFO = NO;
				SDKROOT = iphoneos;
				SWIFT_OPTIMIZATION_LEVEL = "-Owholemodule";
				TARGETED_DEVICE_FAMILY = "1,2";
				VALIDATE_PRODUCT = YES;
			};
			name = Release;
		};
		1F2CFE571DB55E5E00E1C76B /* Debug */ = {
			isa = XCBuildConfiguration;
			buildSettings = {
				ASSETCATALOG_COMPILER_APPICON_NAME = AppIcon;
				DEVELOPMENT_TEAM = A6ASF988U5;
				INFOPLIST_FILE = RepresentativeAsMentor/Info.plist;
				LD_RUNPATH_SEARCH_PATHS = "$(inherited) @executable_path/Frameworks";
				PRODUCT_BUNDLE_IDENTIFIER = com.jeffcryst.RepresentativeAsMentor;
				PRODUCT_NAME = "$(TARGET_NAME)";
				SWIFT_VERSION = 3.0;
			};
			name = Debug;
		};
		1F2CFE581DB55E5E00E1C76B /* Release */ = {
			isa = XCBuildConfiguration;
			buildSettings = {
				ASSETCATALOG_COMPILER_APPICON_NAME = AppIcon;
				DEVELOPMENT_TEAM = A6ASF988U5;
				INFOPLIST_FILE = RepresentativeAsMentor/Info.plist;
				LD_RUNPATH_SEARCH_PATHS = "$(inherited) @executable_path/Frameworks";
				PRODUCT_BUNDLE_IDENTIFIER = com.jeffcryst.RepresentativeAsMentor;
				PRODUCT_NAME = "$(TARGET_NAME)";
				SWIFT_VERSION = 3.0;
			};
			name = Release;
		};
/* End XCBuildConfiguration section */

/* Begin XCConfigurationList section */
		1F2CFE3F1DB55E5E00E1C76B /* Build configuration list for PBXProject "RepresentativeAsMentor" */ = {
			isa = XCConfigurationList;
			buildConfigurations = (
				1F2CFE541DB55E5E00E1C76B /* Debug */,
				1F2CFE551DB55E5E00E1C76B /* Release */,
			);
			defaultConfigurationIsVisible = 0;
			defaultConfigurationName = Release;
		};
		1F2CFE561DB55E5E00E1C76B /* Build configuration list for PBXNativeTarget "RepresentativeAsMentor" */ = {
			isa = XCConfigurationList;
			buildConfigurations = (
				1F2CFE571DB55E5E00E1C76B /* Debug */,
				1F2CFE581DB55E5E00E1C76B /* Release */,
			);
			defaultConfigurationIsVisible = 0;
			defaultConfigurationName = Release;
		};
/* End XCConfigurationList section */
	};
	rootObject = 1F2CFE3C1DB55E5E00E1C76B /* Project object */;
}
